
Microsoft Visual Studio Solution File, Format Version 12.00
# Visual Studio 2013
VisualStudioVersion = 12.0.40629.0
MinimumVisualStudioVersion = 10.0.40219.1
Project("{8BC9CEB8-8B4A-11D0-8D11-00A0C91BC942}") = "MLX96021", "MLX96021.vcxproj", "{B6A2652D-8AD2-4586-81A2-B3DBD7A00527}"
EndProject
Global
	GlobalSection(SolutionConfigurationPlatforms) = preSolution
		Debug|Win32 = Debug|Win32
		Release|Win32 = Release|Win32
	EndGlobalSection
	GlobalSection(ProjectConfigurationPlatforms) = postSolution
		{B6A2652D-8AD2-4586-81A2-B3DBD7A00527}.Debug|Win32.ActiveCfg = Debug|Win32
		{B6A2652D-8AD2-4586-81A2-B3DBD7A00527}.Debug|Win32.Build.0 = Debug|Win32
		{B6A2652D-8AD2-4586-81A2-B3DBD7A00527}.Release|Win32.ActiveCfg = Release|Win32
		{B6A2652D-8AD2-4586-81A2-B3DBD7A00527}.Release|Win32.Build.0 = Release|Win32
	EndGlobalSection
	GlobalSection(SolutionProperties) = preSolution
		HideSolutionNode = FALSE
	EndGlobalSection
EndGlobal
